name: MongoDB migration checks

on:
  push:
    branches:
      - mongodb-migration
  pull_request:
    branches:
      - master

permissions:
  contents: write

jobs:
  migration-checks:
    runs-on: ubuntu-latest
    steps:
      - name: Checkout migration branch
        uses: actions/checkout@v4
        with:
          ref: mongodb-migration

      - name: Use Node.js 15.14.0
        uses: actions/setup-node@v4
        with:
          node-version: 15.14.0

      - name: Apply pending weapon MongoDB cutover
        if: github.event_name == 'push'
        run: python3 scripts/apply-weapon-mongo-cutover.py

      - name: Refresh package-lock.json
        run: npm install --package-lock-only --ignore-scripts

      - name: Syntax check MongoDB migration files
        run: |
          python3 -m py_compile scripts/apply-weapon-mongo-cutover.py
          node --check src/utils/mongo.js
          node --check src/utils/mongoCounters.js
          node --check src/utils/mongoNumeric.js
          node --check src/utils/redis.js
          node --check src/utils/pubsub.js
          node --check src/utils/cacheUtil.js
          node --check src/utils/ban.js
          node --check src/utils/weaponMongoPersistence.js
          node --check src/botHandlers/questHandler.js
          node --check src/commands/command.js
          node --check src/commands/commandList/utils/rules.js
          node --check src/commands/commandList/utils/disable.js
          node --check src/commands/commandList/utils/enable.js
          node --check src/commands/commandList/utils/utils/enabledUtil.js
          node --check src/commands/commandList/economy/cowoncy.js
          node --check src/commands/commandList/economy/give.js
          node --check src/commands/commandList/economy/utils/cowoncyUtils.js
          node --check src/commands/commandList/battle/WeaponInterface.js
          node --check src/commands/commandList/battle/util/weaponUtil.js
          node --check src/commands/commandList/patreon/alterBattle.js
          node --check scripts/migrate-mysql-to-mongodb.js
          node --check scripts/migrate-redis-to-mongodb.js
          node --check scripts/audit-mongodb-cutover.js

      - name: Audit remaining SQL call sites
        run: node scripts/audit-mongodb-cutover.js

      - name: Commit migration updates when changed
        if: github.event_name == 'push'
        shell: bash
        run: |
          if git diff --quiet; then
            echo "Migration workspace is already current"
            exit 0
          fi
          git config user.name "github-actions[bot]"
          git config user.email "41898282+github-actions[bot]@users.noreply.github.com"
          git add -A
          git commit -m "Apply weapon MongoDB cutover"
          git push origin HEAD:mongodb-migration
